{
    "name": "@c0pt3r/local-date",
    "version": "0.1.3",
    "lockfileVersion": 3,
    "requires": true,
    "packages": {
        "": {
            "name": "@c0pt3r/local-date",
            "version": "0.1.3",
            "license": "MIT",
            "dependencies": {
                "@c0pt3r/local-date": "^0.1.1"
            }
        },
        "node_modules/@c0pt3r/local-date": {
            "version": "0.1.1",
            "resolved": "https://registry.npmjs.org/@c0pt3r/local-date/-/local-date-0.1.1.tgz",
            "integrity": "sha512-VIF301UxaGOsa6D3DFa+4ILfNJlCQ/uN6TAHcxUt+f0w8t+oiKPSaAI24S6EOK3yDsnM0BtOboTGP47HrgM3tg==",
            "license": "MIT"
        }
    }
}
